
Microsoft Visual Studio Solution File, Format Version 12.00
# Visual Studio Version 17
VisualStudioVersion = 17.0.31903.59
MinimumVisualStudioVersion = 10.0.40219.1
Project("{2150E333-8FDC-42A3-9474-1A3956D46DE8}") = "Delegate", "Delegate", "{A2892575-7FD5-416F-805D-6B983149FB4F}"
EndProject
Project("{9A19103F-16F7-4668-BE54-9A1E7A4F7556}") = "DelegateProject", "DelegateProject\DelegateProject.csproj", "{5388B33F-3D24-4EEF-B752-2076AD53FBBC}"
EndProject
Project("{9A19103F-16F7-4668-BE54-9A1E7A4F7556}") = "PhotoProject", "PhotoProject\PhotoProject.csproj", "{E5055FA5-8A4A-4D8D-A421-88065198FCC8}"
EndProject
Project("{9A19103F-16F7-4668-BE54-9A1E7A4F7556}") = "DelegategaMisol", "DelegategaMisol\DelegategaMisol.csproj", "{679452FD-5912-458E-8684-4AD5336416D9}"
EndProject
Project("{9A19103F-16F7-4668-BE54-9A1E7A4F7556}") = "ShoppingCartDelegate", "ShoppingCartDelegate\ShoppingCartDelegate.csproj", "{5D4B137E-E0D8-4860-9B1D-55010EC7F2DC}"
EndProject
Project("{9A19103F-16F7-4668-BE54-9A1E7A4F7556}") = "DelegateAndEvents", "DelegateAndEvents\DelegateAndEvents.csproj", "{49630FFA-B1CF-44BC-A7EB-77B9C4625087}"
EndProject
Project("{2150E333-8FDC-42A3-9474-1A3956D46DE8}") = "Events", "Events", "{A231A999-900C-4164-82C9-67B732996DB7}"
EndProject
Project("{9A19103F-16F7-4668-BE54-9A1E7A4F7556}") = "EventsProject", "EventsProject\EventsProject.csproj", "{9C15719F-ABEB-4508-A592-9E7DC7AB53A0}"
EndProject
Project("{9A19103F-16F7-4668-BE54-9A1E7A4F7556}") = "OlineParticipation", "OlineParticipation\OlineParticipation.csproj", "{05B23976-3416-4CB2-97EE-1DCD98642805}"
EndProject
Project("{2150E333-8FDC-42A3-9474-1A3956D46DE8}") = "Collections", "Collections", "{9E8FC597-C0B8-463C-B2D9-E268AB70E81B}"
EndProject
Project("{9A19103F-16F7-4668-BE54-9A1E7A4F7556}") = "CollectionsStudent", "CollectionsStudent\CollectionsStudent.csproj", "{D96ED525-094B-4E9A-828B-BF5B32F7D137}"
EndProject
Project("{2150E333-8FDC-42A3-9474-1A3956D46DE8}") = "ExtensionMethod", "ExtensionMethod", "{9C5C87AA-CAFD-4C35-A0B4-33CC7796B380}"
EndProject
Project("{9A19103F-16F7-4668-BE54-9A1E7A4F7556}") = "OddOrEven", "OddOrEven\OddOrEven.csproj", "{B904770C-BF09-45E9-83B7-E132946E60D9}"
EndProject
Project("{9A19103F-16F7-4668-BE54-9A1E7A4F7556}") = "IndexerInCSharp", "IndexerInCSharp\IndexerInCSharp.csproj", "{6BF71108-08C1-49D1-8048-6C40E4E83089}"
EndProject
Project("{2150E333-8FDC-42A3-9474-1A3956D46DE8}") = "Indexer", "Indexer", "{038172E0-9A49-4C44-952C-DA38617CF800}"
EndProject
Project("{9A19103F-16F7-4668-BE54-9A1E7A4F7556}") = "FileTopicContune", "FileTopicContune\FileTopicContune.csproj", "{98A7F8A9-4A53-4F6D-A2A1-0F977C0EDB1A}"
EndProject
Project("{FAE04EC0-301F-11D3-BF4B-00C04F79EFBC}") = "CinemaWebApi", "CinemaWebApi\CinemaWebApi.csproj", "{CE550B13-2396-45E3-A109-9E43BD9D131E}"
EndProject
Global
	GlobalSection(SolutionConfigurationPlatforms) = preSolution
		Debug|Any CPU = Debug|Any CPU
		Release|Any CPU = Release|Any CPU
	EndGlobalSection
	GlobalSection(ProjectConfigurationPlatforms) = postSolution
		{5388B33F-3D24-4EEF-B752-2076AD53FBBC}.Debug|Any CPU.ActiveCfg = Debug|Any CPU
		{5388B33F-3D24-4EEF-B752-2076AD53FBBC}.Debug|Any CPU.Build.0 = Debug|Any CPU
		{5388B33F-3D24-4EEF-B752-2076AD53FBBC}.Release|Any CPU.ActiveCfg = Release|Any CPU
		{5388B33F-3D24-4EEF-B752-2076AD53FBBC}.Release|Any CPU.Build.0 = Release|Any CPU
		{E5055FA5-8A4A-4D8D-A421-88065198FCC8}.Debug|Any CPU.ActiveCfg = Debug|Any CPU
		{E5055FA5-8A4A-4D8D-A421-88065198FCC8}.Debug|Any CPU.Build.0 = Debug|Any CPU
		{E5055FA5-8A4A-4D8D-A421-88065198FCC8}.Release|Any CPU.ActiveCfg = Release|Any CPU
		{E5055FA5-8A4A-4D8D-A421-88065198FCC8}.Release|Any CPU.Build.0 = Release|Any CPU
		{679452FD-5912-458E-8684-4AD5336416D9}.Debug|Any CPU.ActiveCfg = Debug|Any CPU
		{679452FD-5912-458E-8684-4AD5336416D9}.Debug|Any CPU.Build.0 = Debug|Any CPU
		{679452FD-5912-458E-8684-4AD5336416D9}.Release|Any CPU.ActiveCfg = Release|Any CPU
		{679452FD-5912-458E-8684-4AD5336416D9}.Release|Any CPU.Build.0 = Release|Any CPU
		{5D4B137E-E0D8-4860-9B1D-55010EC7F2DC}.Debug|Any CPU.ActiveCfg = Debug|Any CPU
		{5D4B137E-E0D8-4860-9B1D-55010EC7F2DC}.Debug|Any CPU.Build.0 = Debug|Any CPU
		{5D4B137E-E0D8-4860-9B1D-55010EC7F2DC}.Release|Any CPU.ActiveCfg = Release|Any CPU
		{5D4B137E-E0D8-4860-9B1D-55010EC7F2DC}.Release|Any CPU.Build.0 = Release|Any CPU
		{49630FFA-B1CF-44BC-A7EB-77B9C4625087}.Debug|Any CPU.ActiveCfg = Debug|Any CPU
		{49630FFA-B1CF-44BC-A7EB-77B9C4625087}.Debug|Any CPU.Build.0 = Debug|Any CPU
		{49630FFA-B1CF-44BC-A7EB-77B9C4625087}.Release|Any CPU.ActiveCfg = Release|Any CPU
		{49630FFA-B1CF-44BC-A7EB-77B9C4625087}.Release|Any CPU.Build.0 = Release|Any CPU
		{9C15719F-ABEB-4508-A592-9E7DC7AB53A0}.Debug|Any CPU.ActiveCfg = Debug|Any CPU
		{9C15719F-ABEB-4508-A592-9E7DC7AB53A0}.Debug|Any CPU.Build.0 = Debug|Any CPU
		{9C15719F-ABEB-4508-A592-9E7DC7AB53A0}.Release|Any CPU.ActiveCfg = Release|Any CPU
		{9C15719F-ABEB-4508-A592-9E7DC7AB53A0}.Release|Any CPU.Build.0 = Release|Any CPU
		{05B23976-3416-4CB2-97EE-1DCD98642805}.Debug|Any CPU.ActiveCfg = Debug|Any CPU
		{05B23976-3416-4CB2-97EE-1DCD98642805}.Debug|Any CPU.Build.0 = Debug|Any CPU
		{05B23976-3416-4CB2-97EE-1DCD98642805}.Release|Any CPU.ActiveCfg = Release|Any CPU
		{05B23976-3416-4CB2-97EE-1DCD98642805}.Release|Any CPU.Build.0 = Release|Any CPU
		{D96ED525-094B-4E9A-828B-BF5B32F7D137}.Debug|Any CPU.ActiveCfg = Debug|Any CPU
		{D96ED525-094B-4E9A-828B-BF5B32F7D137}.Debug|Any CPU.Build.0 = Debug|Any CPU
		{D96ED525-094B-4E9A-828B-BF5B32F7D137}.Release|Any CPU.ActiveCfg = Release|Any CPU
		{D96ED525-094B-4E9A-828B-BF5B32F7D137}.Release|Any CPU.Build.0 = Release|Any CPU
		{B904770C-BF09-45E9-83B7-E132946E60D9}.Debug|Any CPU.ActiveCfg = Debug|Any CPU
		{B904770C-BF09-45E9-83B7-E132946E60D9}.Debug|Any CPU.Build.0 = Debug|Any CPU
		{B904770C-BF09-45E9-83B7-E132946E60D9}.Release|Any CPU.ActiveCfg = Release|Any CPU
		{B904770C-BF09-45E9-83B7-E132946E60D9}.Release|Any CPU.Build.0 = Release|Any CPU
		{6BF71108-08C1-49D1-8048-6C40E4E83089}.Debug|Any CPU.ActiveCfg = Debug|Any CPU
		{6BF71108-08C1-49D1-8048-6C40E4E83089}.Debug|Any CPU.Build.0 = Debug|Any CPU
		{6BF71108-08C1-49D1-8048-6C40E4E83089}.Release|Any CPU.ActiveCfg = Release|Any CPU
		{6BF71108-08C1-49D1-8048-6C40E4E83089}.Release|Any CPU.Build.0 = Release|Any CPU
		{98A7F8A9-4A53-4F6D-A2A1-0F977C0EDB1A}.Debug|Any CPU.ActiveCfg = Debug|Any CPU
		{98A7F8A9-4A53-4F6D-A2A1-0F977C0EDB1A}.Debug|Any CPU.Build.0 = Debug|Any CPU
		{98A7F8A9-4A53-4F6D-A2A1-0F977C0EDB1A}.Release|Any CPU.ActiveCfg = Release|Any CPU
		{98A7F8A9-4A53-4F6D-A2A1-0F977C0EDB1A}.Release|Any CPU.Build.0 = Release|Any CPU
		{CE550B13-2396-45E3-A109-9E43BD9D131E}.Debug|Any CPU.ActiveCfg = Debug|Any CPU
		{CE550B13-2396-45E3-A109-9E43BD9D131E}.Debug|Any CPU.Build.0 = Debug|Any CPU
		{CE550B13-2396-45E3-A109-9E43BD9D131E}.Release|Any CPU.ActiveCfg = Release|Any CPU
		{CE550B13-2396-45E3-A109-9E43BD9D131E}.Release|Any CPU.Build.0 = Release|Any CPU
	EndGlobalSection
	GlobalSection(SolutionProperties) = preSolution
		HideSolutionNode = FALSE
	EndGlobalSection
	GlobalSection(NestedProjects) = preSolution
		{5388B33F-3D24-4EEF-B752-2076AD53FBBC} = {A2892575-7FD5-416F-805D-6B983149FB4F}
		{E5055FA5-8A4A-4D8D-A421-88065198FCC8} = {A2892575-7FD5-416F-805D-6B983149FB4F}
		{679452FD-5912-458E-8684-4AD5336416D9} = {A2892575-7FD5-416F-805D-6B983149FB4F}
		{5D4B137E-E0D8-4860-9B1D-55010EC7F2DC} = {A2892575-7FD5-416F-805D-6B983149FB4F}
		{49630FFA-B1CF-44BC-A7EB-77B9C4625087} = {A2892575-7FD5-416F-805D-6B983149FB4F}
		{9C15719F-ABEB-4508-A592-9E7DC7AB53A0} = {A231A999-900C-4164-82C9-67B732996DB7}
		{05B23976-3416-4CB2-97EE-1DCD98642805} = {A231A999-900C-4164-82C9-67B732996DB7}
		{D96ED525-094B-4E9A-828B-BF5B32F7D137} = {9E8FC597-C0B8-463C-B2D9-E268AB70E81B}
		{B904770C-BF09-45E9-83B7-E132946E60D9} = {9C5C87AA-CAFD-4C35-A0B4-33CC7796B380}
		{6BF71108-08C1-49D1-8048-6C40E4E83089} = {038172E0-9A49-4C44-952C-DA38617CF800}
	EndGlobalSection
	GlobalSection(ExtensibilityGlobals) = postSolution
		SolutionGuid = {84814146-28A9-42C6-BC1E-00CFBD01E242}
	EndGlobalSection
EndGlobal
